
Microsoft Visual Studio Solution File, Format Version 12.00
# Visual Studio Version 17
VisualStudioVersion = 17.2.32526.322
MinimumVisualStudioVersion = 10.0.40219.1
Project("{9A19103F-16F7-4668-BE54-9A1E7A4F7556}") = "Zilliqa.DesktopWallet.ApiClient", "Zilliqa.DesktopWallet.ApiClient\Zilliqa.DesktopWallet.ApiClient.csproj", "{7965B5E6-70AE-4CA8-81E1-184DFC172134}"
EndProject
Project("{9A19103F-16F7-4668-BE54-9A1E7A4F7556}") = "Zilliqa.DesktopWallet.ApiClient.Test", "Zilliqa.DesktopWallet.ApiClient.Test\Zilliqa.DesktopWallet.ApiClient.Test.csproj", "{1BD111B3-E6AD-4F8D-9C21-B50F34E86FD9}"
EndProject
Project("{9A19103F-16F7-4668-BE54-9A1E7A4F7556}") = "Zilliqa.DesktopWallet.Core", "Zilliqa.DesktopWallet.Core\Zilliqa.DesktopWallet.Core.csproj", "{03B2CEDD-79A2-43A6-B62E-A0D592803115}"
EndProject
Project("{9A19103F-16F7-4668-BE54-9A1E7A4F7556}") = "Zilliqa.DesktopWallet.Gui.WinForms", "Zilliqa.DesktopWallet.Gui.WinForms\Zilliqa.DesktopWallet.Gui.WinForms.csproj", "{C6F55CAE-D21F-4A2D-ABD6-DC36FF0D94EE}"
EndProject
Project("{9A19103F-16F7-4668-BE54-9A1E7A4F7556}") = "LaksaCsharp", "LaksaCsharp\LaksaCsharp.csproj", "{F6B81A7B-3649-4A16-BAED-458E8581A106}"
EndProject
Project("{9A19103F-16F7-4668-BE54-9A1E7A4F7556}") = "LaksaTest", "LaksaTest\LaksaTest.csproj", "{D2E60F40-0529-4C56-97EF-F85D778A6811}"
EndProject
Project("{2150E333-8FDC-42A3-9474-1A3956D46DE8}") = "Wallet", "Wallet", "{7F110258-3BCE-4E17-836E-E784317FBB40}"
EndProject
Project("{2150E333-8FDC-42A3-9474-1A3956D46DE8}") = "OnlyTemporary", "OnlyTemporary", "{11782864-49F6-4928-AA36-AF35EE349FB2}"
EndProject
Project("{2150E333-8FDC-42A3-9474-1A3956D46DE8}") = "Blockchain", "Blockchain", "{B88CCB2B-E0E3-4146-838B-BCB782D0B479}"
EndProject
Project("{2150E333-8FDC-42A3-9474-1A3956D46DE8}") = "Database", "Database", "{58EA2C23-58CD-4EBC-A522-DC018C2F2DF6}"
EndProject
Project("{9A19103F-16F7-4668-BE54-9A1E7A4F7556}") = "Zilligraph.Blockchain.Core", "Zilligraph.Blockchain\Zilligraph.Blockchain.Core\Zilligraph.Blockchain.Core.csproj", "{6E729A48-EB31-49FB-A835-301591DA895A}"
EndProject
Project("{9A19103F-16F7-4668-BE54-9A1E7A4F7556}") = "Ziligraph.Blockchain.Host", "Zilligraph.Blockchain\Ziligraph.Blockchain.Host\Ziligraph.Blockchain.Host.csproj", "{5A1453C5-5065-4467-837C-C9EA741FC6F6}"
EndProject
Project("{9A19103F-16F7-4668-BE54-9A1E7A4F7556}") = "Ziligraph.Blockchain.ConsoleWallet", "Zilligraph.Blockchain\ConsoleWallet\Ziligraph.Blockchain.ConsoleWallet.csproj", "{7757E0B3-22F9-4673-A16B-4412D0EEC420}"
EndProject
Project("{9A19103F-16F7-4668-BE54-9A1E7A4F7556}") = "Ziligraph.Blockchain.ConsoleBlockExplorer", "Zilligraph.Blockchain\BlockExplorer\Ziligraph.Blockchain.ConsoleBlockExplorer.csproj", "{A6E8F6ED-65B9-4902-9942-650C5A33959B}"
EndProject
Project("{9A19103F-16F7-4668-BE54-9A1E7A4F7556}") = "Zilligraph.Database.Contract", "Zilligraph.Database\Zilligraph.Database.GenericModel\Zilligraph.Database.Contract.csproj", "{907FC00E-4501-47F5-82C1-6DBA0D289584}"
EndProject
Project("{9A19103F-16F7-4668-BE54-9A1E7A4F7556}") = "Zilligraph.Database.Storage", "Zilligraph.Database\Zilligraph.Database.Storage\Zilligraph.Database.Storage.csproj", "{2BBAFCF1-95D8-4DD3-BA79-E074C9EAD170}"
EndProject
Project("{9A19103F-16F7-4668-BE54-9A1E7A4F7556}") = "Zilliqa.DesktopWallet.TestApp", "Zilliqa.DesktopWallet.TestApp\Zilliqa.DesktopWallet.TestApp.csproj", "{03EF30ED-2AA3-457C-B5FA-06191A343720}"
EndProject
Project("{2150E333-8FDC-42A3-9474-1A3956D46DE8}") = "_Shared", "_Shared", "{9C2DD6FB-D3F1-4D03-A536-979B9D008AF6}"
EndProject
Project("{9A19103F-16F7-4668-BE54-9A1E7A4F7556}") = "Zillifriends.Shared.Common", "Zillifriends.Shared.Common\Zillifriends.Shared.Common.csproj", "{B4A69D8E-8943-4A81-B2D8-15FA1D3F929D}"
EndProject
Project("{9A19103F-16F7-4668-BE54-9A1E7A4F7556}") = "Zilliqa.DesktopWallet.Core.Test", "Zilliqa.DesktopWallet.Core.Test\Zilliqa.DesktopWallet.Core.Test.csproj", "{C6DE8D92-226C-495B-AFDB-A6D7A59D44E6}"
EndProject
Project("{54435603-DBB4-11D2-8724-00A0C9A8B90C}") = "Zilliqa.DesktopWallet.WindowsInstaller", "Zilliqa.DesktopWallet.WindowsInstaller\Zilliqa.DesktopWallet.WindowsInstaller.vdproj", "{A4BAAED3-966D-4E26-92A1-02BACF6C0F0D}"
EndProject
Project("{FAE04EC0-301F-11D3-BF4B-00C04F79EFBC}") = "Zilligraph.Database.Storage.IntegrationTests", "Zilligraph.Database\Zilligraph.Database.Storage.IntegrationTests\Zilligraph.Database.Storage.IntegrationTests.csproj", "{A03970F1-7D28-4920-B015-6377A021E249}"
EndProject
Project("{FAE04EC0-301F-11D3-BF4B-00C04F79EFBC}") = "Zilliqa.DesktopWallet.DatabaseSchema", "Zilliqa.DesktopWallet.DatabaseSchema\Zilliqa.DesktopWallet.DatabaseSchema.csproj", "{3E1E5EE8-7AD1-4E92-A249-FE4425EBB00C}"
EndProject
Global
	GlobalSection(SolutionConfigurationPlatforms) = preSolution
		Debug|Any CPU = Debug|Any CPU
		Release|Any CPU = Release|Any CPU
	EndGlobalSection
	GlobalSection(ProjectConfigurationPlatforms) = postSolution
		{7965B5E6-70AE-4CA8-81E1-184DFC172134}.Debug|Any CPU.ActiveCfg = Debug|Any CPU
		{7965B5E6-70AE-4CA8-81E1-184DFC172134}.Debug|Any CPU.Build.0 = Debug|Any CPU
		{7965B5E6-70AE-4CA8-81E1-184DFC172134}.Release|Any CPU.ActiveCfg = Release|Any CPU
		{7965B5E6-70AE-4CA8-81E1-184DFC172134}.Release|Any CPU.Build.0 = Release|Any CPU
		{1BD111B3-E6AD-4F8D-9C21-B50F34E86FD9}.Debug|Any CPU.ActiveCfg = Debug|Any CPU
		{1BD111B3-E6AD-4F8D-9C21-B50F34E86FD9}.Debug|Any CPU.Build.0 = Debug|Any CPU
		{1BD111B3-E6AD-4F8D-9C21-B50F34E86FD9}.Release|Any CPU.ActiveCfg = Release|Any CPU
		{1BD111B3-E6AD-4F8D-9C21-B50F34E86FD9}.Release|Any CPU.Build.0 = Release|Any CPU
		{03B2CEDD-79A2-43A6-B62E-A0D592803115}.Debug|Any CPU.ActiveCfg = Debug|Any CPU
		{03B2CEDD-79A2-43A6-B62E-A0D592803115}.Debug|Any CPU.Build.0 = Debug|Any CPU
		{03B2CEDD-79A2-43A6-B62E-A0D592803115}.Release|Any CPU.ActiveCfg = Release|Any CPU
		{03B2CEDD-79A2-43A6-B62E-A0D592803115}.Release|Any CPU.Build.0 = Release|Any CPU
		{C6F55CAE-D21F-4A2D-ABD6-DC36FF0D94EE}.Debug|Any CPU.ActiveCfg = Debug|Any CPU
		{C6F55CAE-D21F-4A2D-ABD6-DC36FF0D94EE}.Debug|Any CPU.Build.0 = Debug|Any CPU
		{C6F55CAE-D21F-4A2D-ABD6-DC36FF0D94EE}.Release|Any CPU.ActiveCfg = Release|Any CPU
		{C6F55CAE-D21F-4A2D-ABD6-DC36FF0D94EE}.Release|Any CPU.Build.0 = Release|Any CPU
		{F6B81A7B-3649-4A16-BAED-458E8581A106}.Debug|Any CPU.ActiveCfg = Debug|Any CPU
		{F6B81A7B-3649-4A16-BAED-458E8581A106}.Debug|Any CPU.Build.0 = Debug|Any CPU
		{F6B81A7B-3649-4A16-BAED-458E8581A106}.Release|Any CPU.ActiveCfg = Release|Any CPU
		{F6B81A7B-3649-4A16-BAED-458E8581A106}.Release|Any CPU.Build.0 = Release|Any CPU
		{D2E60F40-0529-4C56-97EF-F85D778A6811}.Debug|Any CPU.ActiveCfg = Debug|Any CPU
		{D2E60F40-0529-4C56-97EF-F85D778A6811}.Debug|Any CPU.Build.0 = Debug|Any CPU
		{D2E60F40-0529-4C56-97EF-F85D778A6811}.Release|Any CPU.ActiveCfg = Release|Any CPU
		{D2E60F40-0529-4C56-97EF-F85D778A6811}.Release|Any CPU.Build.0 = Release|Any CPU
		{6E729A48-EB31-49FB-A835-301591DA895A}.Debug|Any CPU.ActiveCfg = Debug|Any CPU
		{6E729A48-EB31-49FB-A835-301591DA895A}.Debug|Any CPU.Build.0 = Debug|Any CPU
		{6E729A48-EB31-49FB-A835-301591DA895A}.Release|Any CPU.ActiveCfg = Release|Any CPU
		{6E729A48-EB31-49FB-A835-301591DA895A}.Release|Any CPU.Build.0 = Release|Any CPU
		{5A1453C5-5065-4467-837C-C9EA741FC6F6}.Debug|Any CPU.ActiveCfg = Debug|Any CPU
		{5A1453C5-5065-4467-837C-C9EA741FC6F6}.Debug|Any CPU.Build.0 = Debug|Any CPU
		{5A1453C5-5065-4467-837C-C9EA741FC6F6}.Release|Any CPU.ActiveCfg = Release|Any CPU
		{5A1453C5-5065-4467-837C-C9EA741FC6F6}.Release|Any CPU.Build.0 = Release|Any CPU
		{7757E0B3-22F9-4673-A16B-4412D0EEC420}.Debug|Any CPU.ActiveCfg = Debug|Any CPU
		{7757E0B3-22F9-4673-A16B-4412D0EEC420}.Debug|Any CPU.Build.0 = Debug|Any CPU
		{7757E0B3-22F9-4673-A16B-4412D0EEC420}.Release|Any CPU.ActiveCfg = Release|Any CPU
		{7757E0B3-22F9-4673-A16B-4412D0EEC420}.Release|Any CPU.Build.0 = Release|Any CPU
		{A6E8F6ED-65B9-4902-9942-650C5A33959B}.Debug|Any CPU.ActiveCfg = Debug|Any CPU
		{A6E8F6ED-65B9-4902-9942-650C5A33959B}.Debug|Any CPU.Build.0 = Debug|Any CPU
		{A6E8F6ED-65B9-4902-9942-650C5A33959B}.Release|Any CPU.ActiveCfg = Release|Any CPU
		{A6E8F6ED-65B9-4902-9942-650C5A33959B}.Release|Any CPU.Build.0 = Release|Any CPU
		{907FC00E-4501-47F5-82C1-6DBA0D289584}.Debug|Any CPU.ActiveCfg = Debug|Any CPU
		{907FC00E-4501-47F5-82C1-6DBA0D289584}.Debug|Any CPU.Build.0 = Debug|Any CPU
		{907FC00E-4501-47F5-82C1-6DBA0D289584}.Release|Any CPU.ActiveCfg = Release|Any CPU
		{907FC00E-4501-47F5-82C1-6DBA0D289584}.Release|Any CPU.Build.0 = Release|Any CPU
		{2BBAFCF1-95D8-4DD3-BA79-E074C9EAD170}.Debug|Any CPU.ActiveCfg = Debug|Any CPU
		{2BBAFCF1-95D8-4DD3-BA79-E074C9EAD170}.Debug|Any CPU.Build.0 = Debug|Any CPU
		{2BBAFCF1-95D8-4DD3-BA79-E074C9EAD170}.Release|Any CPU.ActiveCfg = Release|Any CPU
		{2BBAFCF1-95D8-4DD3-BA79-E074C9EAD170}.Release|Any CPU.Build.0 = Release|Any CPU
		{03EF30ED-2AA3-457C-B5FA-06191A343720}.Debug|Any CPU.ActiveCfg = Debug|Any CPU
		{03EF30ED-2AA3-457C-B5FA-06191A343720}.Debug|Any CPU.Build.0 = Debug|Any CPU
		{03EF30ED-2AA3-457C-B5FA-06191A343720}.Release|Any CPU.ActiveCfg = Release|Any CPU
		{03EF30ED-2AA3-457C-B5FA-06191A343720}.Release|Any CPU.Build.0 = Release|Any CPU
		{B4A69D8E-8943-4A81-B2D8-15FA1D3F929D}.Debug|Any CPU.ActiveCfg = Debug|Any CPU
		{B4A69D8E-8943-4A81-B2D8-15FA1D3F929D}.Debug|Any CPU.Build.0 = Debug|Any CPU
		{B4A69D8E-8943-4A81-B2D8-15FA1D3F929D}.Release|Any CPU.ActiveCfg = Release|Any CPU
		{B4A69D8E-8943-4A81-B2D8-15FA1D3F929D}.Release|Any CPU.Build.0 = Release|Any CPU
		{C6DE8D92-226C-495B-AFDB-A6D7A59D44E6}.Debug|Any CPU.ActiveCfg = Debug|Any CPU
		{C6DE8D92-226C-495B-AFDB-A6D7A59D44E6}.Debug|Any CPU.Build.0 = Debug|Any CPU
		{C6DE8D92-226C-495B-AFDB-A6D7A59D44E6}.Release|Any CPU.ActiveCfg = Release|Any CPU
		{C6DE8D92-226C-495B-AFDB-A6D7A59D44E6}.Release|Any CPU.Build.0 = Release|Any CPU
		{A4BAAED3-966D-4E26-92A1-02BACF6C0F0D}.Debug|Any CPU.ActiveCfg = Debug
		{A4BAAED3-966D-4E26-92A1-02BACF6C0F0D}.Release|Any CPU.ActiveCfg = Release
		{A03970F1-7D28-4920-B015-6377A021E249}.Debug|Any CPU.ActiveCfg = Debug|Any CPU
		{A03970F1-7D28-4920-B015-6377A021E249}.Debug|Any CPU.Build.0 = Debug|Any CPU
		{A03970F1-7D28-4920-B015-6377A021E249}.Release|Any CPU.ActiveCfg = Release|Any CPU
		{A03970F1-7D28-4920-B015-6377A021E249}.Release|Any CPU.Build.0 = Release|Any CPU
		{3E1E5EE8-7AD1-4E92-A249-FE4425EBB00C}.Debug|Any CPU.ActiveCfg = Debug|Any CPU
		{3E1E5EE8-7AD1-4E92-A249-FE4425EBB00C}.Debug|Any CPU.Build.0 = Debug|Any CPU
		{3E1E5EE8-7AD1-4E92-A249-FE4425EBB00C}.Release|Any CPU.ActiveCfg = Release|Any CPU
		{3E1E5EE8-7AD1-4E92-A249-FE4425EBB00C}.Release|Any CPU.Build.0 = Release|Any CPU
	EndGlobalSection
	GlobalSection(SolutionProperties) = preSolution
		HideSolutionNode = FALSE
	EndGlobalSection
	GlobalSection(NestedProjects) = preSolution
		{7965B5E6-70AE-4CA8-81E1-184DFC172134} = {7F110258-3BCE-4E17-836E-E784317FBB40}
		{1BD111B3-E6AD-4F8D-9C21-B50F34E86FD9} = {7F110258-3BCE-4E17-836E-E784317FBB40}
		{03B2CEDD-79A2-43A6-B62E-A0D592803115} = {7F110258-3BCE-4E17-836E-E784317FBB40}
		{C6F55CAE-D21F-4A2D-ABD6-DC36FF0D94EE} = {7F110258-3BCE-4E17-836E-E784317FBB40}
		{F6B81A7B-3649-4A16-BAED-458E8581A106} = {11782864-49F6-4928-AA36-AF35EE349FB2}
		{D2E60F40-0529-4C56-97EF-F85D778A6811} = {11782864-49F6-4928-AA36-AF35EE349FB2}
		{11782864-49F6-4928-AA36-AF35EE349FB2} = {7F110258-3BCE-4E17-836E-E784317FBB40}
		{6E729A48-EB31-49FB-A835-301591DA895A} = {B88CCB2B-E0E3-4146-838B-BCB782D0B479}
		{5A1453C5-5065-4467-837C-C9EA741FC6F6} = {B88CCB2B-E0E3-4146-838B-BCB782D0B479}
		{7757E0B3-22F9-4673-A16B-4412D0EEC420} = {B88CCB2B-E0E3-4146-838B-BCB782D0B479}
		{A6E8F6ED-65B9-4902-9942-650C5A33959B} = {B88CCB2B-E0E3-4146-838B-BCB782D0B479}
		{907FC00E-4501-47F5-82C1-6DBA0D289584} = {58EA2C23-58CD-4EBC-A522-DC018C2F2DF6}
		{2BBAFCF1-95D8-4DD3-BA79-E074C9EAD170} = {58EA2C23-58CD-4EBC-A522-DC018C2F2DF6}
		{03EF30ED-2AA3-457C-B5FA-06191A343720} = {7F110258-3BCE-4E17-836E-E784317FBB40}
		{B4A69D8E-8943-4A81-B2D8-15FA1D3F929D} = {9C2DD6FB-D3F1-4D03-A536-979B9D008AF6}
		{C6DE8D92-226C-495B-AFDB-A6D7A59D44E6} = {7F110258-3BCE-4E17-836E-E784317FBB40}
		{A4BAAED3-966D-4E26-92A1-02BACF6C0F0D} = {7F110258-3BCE-4E17-836E-E784317FBB40}
		{A03970F1-7D28-4920-B015-6377A021E249} = {58EA2C23-58CD-4EBC-A522-DC018C2F2DF6}
		{3E1E5EE8-7AD1-4E92-A249-FE4425EBB00C} = {7F110258-3BCE-4E17-836E-E784317FBB40}
	EndGlobalSection
	GlobalSection(ExtensibilityGlobals) = postSolution
		SolutionGuid = {33F6C299-4831-4DA4-9B5F-65B8F3094132}
	EndGlobalSection
EndGlobal
