
Microsoft Visual Studio Solution File, Format Version 12.00
# Visual Studio Version 17
VisualStudioVersion = 17.2.32526.322
MinimumVisualStudioVersion = 10.0.40219.1
Project("{9A19103F-16F7-4668-BE54-9A1E7A4F7556}") = "Zilliqa.DesktopWallet.ApiClient", "Zilliqa.DesktopWallet.ApiClient\Zilliqa.DesktopWallet.ApiClient.csproj", "{7965B5E6-70AE-4CA8-81E1-184DFC172134}"
EndProject
Project("{9A19103F-16F7-4668-BE54-9A1E7A4F7556}") = "Zilliqa.DesktopWallet.ApiClient.Test", "Zilliqa.DesktopWallet.ApiClient.Test\Zilliqa.DesktopWallet.ApiClient.Test.csproj", "{1BD111B3-E6AD-4F8D-9C21-B50F34E86FD9}"
EndProject
Project("{9A19103F-16F7-4668-BE54-9A1E7A4F7556}") = "Zilliqa.DesktopWallet.Core", "Zilliqa.DesktopWallet.Core\Zilliqa.DesktopWallet.Core.csproj", "{03B2CEDD-79A2-43A6-B62E-A0D592803115}"
EndProject
Project("{FAE04EC0-301F-11D3-BF4B-00C04F79EFBC}") = "Zilliqa.DesktopWallet.Gui.WinForms", "Zilliqa.DesktopWallet.Gui.WinForms\Zilliqa.DesktopWallet.Gui.WinForms.csproj", "{C6F55CAE-D21F-4A2D-ABD6-DC36FF0D94EE}"
EndProject
Global
	GlobalSection(SolutionConfigurationPlatforms) = preSolution
		Debug|Any CPU = Debug|Any CPU
		Release|Any CPU = Release|Any CPU
	EndGlobalSection
	GlobalSection(ProjectConfigurationPlatforms) = postSolution
		{7965B5E6-70AE-4CA8-81E1-184DFC172134}.Debug|Any CPU.ActiveCfg = Debug|Any CPU
		{7965B5E6-70AE-4CA8-81E1-184DFC172134}.Debug|Any CPU.Build.0 = Debug|Any CPU
		{7965B5E6-70AE-4CA8-81E1-184DFC172134}.Release|Any CPU.ActiveCfg = Release|Any CPU
		{7965B5E6-70AE-4CA8-81E1-184DFC172134}.Release|Any CPU.Build.0 = Release|Any CPU
		{1BD111B3-E6AD-4F8D-9C21-B50F34E86FD9}.Debug|Any CPU.ActiveCfg = Debug|Any CPU
		{1BD111B3-E6AD-4F8D-9C21-B50F34E86FD9}.Debug|Any CPU.Build.0 = Debug|Any CPU
		{1BD111B3-E6AD-4F8D-9C21-B50F34E86FD9}.Release|Any CPU.ActiveCfg = Release|Any CPU
		{1BD111B3-E6AD-4F8D-9C21-B50F34E86FD9}.Release|Any CPU.Build.0 = Release|Any CPU
		{03B2CEDD-79A2-43A6-B62E-A0D592803115}.Debug|Any CPU.ActiveCfg = Debug|Any CPU
		{03B2CEDD-79A2-43A6-B62E-A0D592803115}.Debug|Any CPU.Build.0 = Debug|Any CPU
		{03B2CEDD-79A2-43A6-B62E-A0D592803115}.Release|Any CPU.ActiveCfg = Release|Any CPU
		{03B2CEDD-79A2-43A6-B62E-A0D592803115}.Release|Any CPU.Build.0 = Release|Any CPU
		{C6F55CAE-D21F-4A2D-ABD6-DC36FF0D94EE}.Debug|Any CPU.ActiveCfg = Debug|Any CPU
		{C6F55CAE-D21F-4A2D-ABD6-DC36FF0D94EE}.Debug|Any CPU.Build.0 = Debug|Any CPU
		{C6F55CAE-D21F-4A2D-ABD6-DC36FF0D94EE}.Release|Any CPU.ActiveCfg = Release|Any CPU
		{C6F55CAE-D21F-4A2D-ABD6-DC36FF0D94EE}.Release|Any CPU.Build.0 = Release|Any CPU
	EndGlobalSection
	GlobalSection(SolutionProperties) = preSolution
		HideSolutionNode = FALSE
	EndGlobalSection
	GlobalSection(ExtensibilityGlobals) = postSolution
		SolutionGuid = {33F6C299-4831-4DA4-9B5F-65B8F3094132}
	EndGlobalSection
EndGlobal
