
Microsoft Visual Studio Solution File, Format Version 12.00
# Visual Studio Version 17
VisualStudioVersion = 17.2.32526.322
MinimumVisualStudioVersion = 10.0.40219.1
Project("{FAE04EC0-301F-11D3-BF4B-00C04F79EFBC}") = "Zilligraph.Database.Storage", "Zilligraph.Database.Storage\Zilligraph.Database.Storage.csproj", "{31EF2FEC-1C81-47AD-8717-716A413DA580}"
EndProject
Project("{FAE04EC0-301F-11D3-BF4B-00C04F79EFBC}") = "Zilligraph.Database.Crawler", "Zilligraph.Database.Crawler\Zilligraph.Database.Crawler.csproj", "{0A09CFA6-06EA-4C70-8A8F-73F01806AE66}"
EndProject
Project("{FAE04EC0-301F-11D3-BF4B-00C04F79EFBC}") = "Zilligraph.Database.QueryLanguage", "Zilligraph.Database.QueryLanguage\Zilligraph.Database.QueryLanguage.csproj", "{4F2C62DA-3211-4138-A302-C525DD66BD63}"
EndProject
Project("{FAE04EC0-301F-11D3-BF4B-00C04F79EFBC}") = "Zilligraph.Database.GenericModel", "Zilligraph.Database.GenericModel\Zilligraph.Database.GenericModel.csproj", "{1F700A21-D237-4CC9-A923-50AAAB41591B}"
EndProject
Project("{FAE04EC0-301F-11D3-BF4B-00C04F79EFBC}") = "Zilligraph.Database.Example.ZilliqaBlockchain", "Zilligraph.Database.Example.ZilliqaBlockchain\Zilligraph.Database.Example.ZilliqaBlockchain.csproj", "{284815D7-09AC-4F5A-9D66-08D54CE2DEE5}"
EndProject
Project("{2150E333-8FDC-42A3-9474-1A3956D46DE8}") = "Implementation", "Implementation", "{5F7086D5-DBB2-410A-BDCB-C6448AA983AF}"
EndProject
Project("{2150E333-8FDC-42A3-9474-1A3956D46DE8}") = "Examples", "Examples", "{1CE1F98B-4532-44B4-B0FB-8E53CC99D0A2}"
EndProject
Global
	GlobalSection(SolutionConfigurationPlatforms) = preSolution
		Debug|Any CPU = Debug|Any CPU
		Release|Any CPU = Release|Any CPU
	EndGlobalSection
	GlobalSection(ProjectConfigurationPlatforms) = postSolution
		{31EF2FEC-1C81-47AD-8717-716A413DA580}.Debug|Any CPU.ActiveCfg = Debug|Any CPU
		{31EF2FEC-1C81-47AD-8717-716A413DA580}.Debug|Any CPU.Build.0 = Debug|Any CPU
		{31EF2FEC-1C81-47AD-8717-716A413DA580}.Release|Any CPU.ActiveCfg = Release|Any CPU
		{31EF2FEC-1C81-47AD-8717-716A413DA580}.Release|Any CPU.Build.0 = Release|Any CPU
		{0A09CFA6-06EA-4C70-8A8F-73F01806AE66}.Debug|Any CPU.ActiveCfg = Debug|Any CPU
		{0A09CFA6-06EA-4C70-8A8F-73F01806AE66}.Debug|Any CPU.Build.0 = Debug|Any CPU
		{0A09CFA6-06EA-4C70-8A8F-73F01806AE66}.Release|Any CPU.ActiveCfg = Release|Any CPU
		{0A09CFA6-06EA-4C70-8A8F-73F01806AE66}.Release|Any CPU.Build.0 = Release|Any CPU
		{4F2C62DA-3211-4138-A302-C525DD66BD63}.Debug|Any CPU.ActiveCfg = Debug|Any CPU
		{4F2C62DA-3211-4138-A302-C525DD66BD63}.Debug|Any CPU.Build.0 = Debug|Any CPU
		{4F2C62DA-3211-4138-A302-C525DD66BD63}.Release|Any CPU.ActiveCfg = Release|Any CPU
		{4F2C62DA-3211-4138-A302-C525DD66BD63}.Release|Any CPU.Build.0 = Release|Any CPU
		{1F700A21-D237-4CC9-A923-50AAAB41591B}.Debug|Any CPU.ActiveCfg = Debug|Any CPU
		{1F700A21-D237-4CC9-A923-50AAAB41591B}.Debug|Any CPU.Build.0 = Debug|Any CPU
		{1F700A21-D237-4CC9-A923-50AAAB41591B}.Release|Any CPU.ActiveCfg = Release|Any CPU
		{1F700A21-D237-4CC9-A923-50AAAB41591B}.Release|Any CPU.Build.0 = Release|Any CPU
		{284815D7-09AC-4F5A-9D66-08D54CE2DEE5}.Debug|Any CPU.ActiveCfg = Debug|Any CPU
		{284815D7-09AC-4F5A-9D66-08D54CE2DEE5}.Debug|Any CPU.Build.0 = Debug|Any CPU
		{284815D7-09AC-4F5A-9D66-08D54CE2DEE5}.Release|Any CPU.ActiveCfg = Release|Any CPU
		{284815D7-09AC-4F5A-9D66-08D54CE2DEE5}.Release|Any CPU.Build.0 = Release|Any CPU
	EndGlobalSection
	GlobalSection(SolutionProperties) = preSolution
		HideSolutionNode = FALSE
	EndGlobalSection
	GlobalSection(NestedProjects) = preSolution
		{31EF2FEC-1C81-47AD-8717-716A413DA580} = {5F7086D5-DBB2-410A-BDCB-C6448AA983AF}
		{0A09CFA6-06EA-4C70-8A8F-73F01806AE66} = {5F7086D5-DBB2-410A-BDCB-C6448AA983AF}
		{4F2C62DA-3211-4138-A302-C525DD66BD63} = {5F7086D5-DBB2-410A-BDCB-C6448AA983AF}
		{1F700A21-D237-4CC9-A923-50AAAB41591B} = {5F7086D5-DBB2-410A-BDCB-C6448AA983AF}
		{284815D7-09AC-4F5A-9D66-08D54CE2DEE5} = {1CE1F98B-4532-44B4-B0FB-8E53CC99D0A2}
	EndGlobalSection
	GlobalSection(ExtensibilityGlobals) = postSolution
		SolutionGuid = {307ECB9E-2DC0-4C10-A1CD-6834929D21C2}
	EndGlobalSection
EndGlobal
